// !$*UTF8*$!
{
	archiveVersion = 1;
	classes = {
	};
	objectVersion = 56;
	objects = {

/* Begin PBXBuildFile section */
		44C8A7FD299A8FD6007EB92C /* Constant.swift in Sources */ = {isa = PBXBuildFile; fileRef = 44C8A7FC299A8FD6007EB92C /* Constant.swift */; };
		6C3D10C421D2EBC5846A03A4 /* Pods_Chat_App.framework in Frameworks */ = {isa = PBXBuildFile; fileRef = 51A8DD1DF968BFA1497B2662 /* Pods_Chat_App.framework */; };
		8B27407C299B7ABD002525B7 /* MyError.swift in Sources */ = {isa = PBXBuildFile; fileRef = 8B27407B299B7ABD002525B7 /* MyError.swift */; };
		8B27407E299B7F5D002525B7 /* Message.swift in Sources */ = {isa = PBXBuildFile; fileRef = 8B27407D299B7F5D002525B7 /* Message.swift */; };
		8B274080299B8454002525B7 /* Contact.swift in Sources */ = {isa = PBXBuildFile; fileRef = 8B27407F299B8454002525B7 /* Contact.swift */; };
		8B274082299B8C2D002525B7 /* Conversation.swift in Sources */ = {isa = PBXBuildFile; fileRef = 8B274081299B8C2D002525B7 /* Conversation.swift */; };
		8B2F95862989055800AA2272 /* LoginViewController.xib in Resources */ = {isa = PBXBuildFile; fileRef = 8B2F95852989055800AA2272 /* LoginViewController.xib */; };
		8B2F95892989138E00AA2272 /* RegisterViewController.swift in Sources */ = {isa = PBXBuildFile; fileRef = 8B2F95872989138E00AA2272 /* RegisterViewController.swift */; };
		8B5C45622988F0F800F213EA /* AppDelegate.swift in Sources */ = {isa = PBXBuildFile; fileRef = 8B5C45612988F0F800F213EA /* AppDelegate.swift */; };
		8B5C45642988F0F800F213EA /* SceneDelegate.swift in Sources */ = {isa = PBXBuildFile; fileRef = 8B5C45632988F0F800F213EA /* SceneDelegate.swift */; };
		8B5C45662988F0F800F213EA /* ConversationsViewController.swift in Sources */ = {isa = PBXBuildFile; fileRef = 8B5C45652988F0F800F213EA /* ConversationsViewController.swift */; };
		8B5C45692988F0F800F213EA /* Main.storyboard in Resources */ = {isa = PBXBuildFile; fileRef = 8B5C45672988F0F800F213EA /* Main.storyboard */; };
		8B5C456B2988F0F800F213EA /* Assets.xcassets in Resources */ = {isa = PBXBuildFile; fileRef = 8B5C456A2988F0F800F213EA /* Assets.xcassets */; };
		8B5C456E2988F0F800F213EA /* LaunchScreen.storyboard in Resources */ = {isa = PBXBuildFile; fileRef = 8B5C456C2988F0F800F213EA /* LaunchScreen.storyboard */; };
		8B5C45852988F9A300F213EA /* PhotoViewerViewController.swift in Sources */ = {isa = PBXBuildFile; fileRef = 8B5C45842988F9A300F213EA /* PhotoViewerViewController.swift */; };
		8B5C45872988F9B800F213EA /* VideoPlayerViewController.swift in Sources */ = {isa = PBXBuildFile; fileRef = 8B5C45862988F9B800F213EA /* VideoPlayerViewController.swift */; };
		8B5C458B2988FA3300F213EA /* ProfileViewController.swift in Sources */ = {isa = PBXBuildFile; fileRef = 8B5C458A2988FA3300F213EA /* ProfileViewController.swift */; };
		8B66C667299F6B1600D1CEFE /* ConversationTableViewCell.swift in Sources */ = {isa = PBXBuildFile; fileRef = 8B66C665299F6B1600D1CEFE /* ConversationTableViewCell.swift */; };
		8B66C668299F6B1600D1CEFE /* ConversationTableViewCell.xib in Resources */ = {isa = PBXBuildFile; fileRef = 8B66C666299F6B1600D1CEFE /* ConversationTableViewCell.xib */; };
		8B7878C6298913AE003B43FB /* RegisterViewController.xib in Resources */ = {isa = PBXBuildFile; fileRef = 8B7878C5298913AD003B43FB /* RegisterViewController.xib */; };
		8B7878C829891881003B43FB /* GoogleService-Info.plist in Resources */ = {isa = PBXBuildFile; fileRef = 8B7878C729891881003B43FB /* GoogleService-Info.plist */; };
		8B88256929890529007AA204 /* LoginViewController.swift in Sources */ = {isa = PBXBuildFile; fileRef = 8B88256729890529007AA204 /* LoginViewController.swift */; };
		8BA1B9FF299A15D300A8B3B9 /* StorageManager.swift in Sources */ = {isa = PBXBuildFile; fileRef = 8BA1B9FE299A15D200A8B3B9 /* StorageManager.swift */; };
		8BB28B76299A20AA008FACE8 /* SearchUserTableViewCell.xib in Resources */ = {isa = PBXBuildFile; fileRef = 8BB28B75299A20AA008FACE8 /* SearchUserTableViewCell.xib */; };
		8BB28B7A299B669F008FACE8 /* ChatViewController.swift in Sources */ = {isa = PBXBuildFile; fileRef = 8BB28B78299B669F008FACE8 /* ChatViewController.swift */; };
		8BB28B7B299B669F008FACE8 /* ChatViewController.xib in Resources */ = {isa = PBXBuildFile; fileRef = 8BB28B79299B669F008FACE8 /* ChatViewController.xib */; };
		8BB28B7E299B6DCF008FACE8 /* MessageTableViewCell.swift in Sources */ = {isa = PBXBuildFile; fileRef = 8BB28B7C299B6DCF008FACE8 /* MessageTableViewCell.swift */; };
		8BB28B7F299B6DCF008FACE8 /* MessageTableViewCell.xib in Resources */ = {isa = PBXBuildFile; fileRef = 8BB28B7D299B6DCF008FACE8 /* MessageTableViewCell.xib */; };
		8BE1C7E22990E55A001F3688 /* DatabaseManager.swift in Sources */ = {isa = PBXBuildFile; fileRef = 8BE1C7E12990E55A001F3688 /* DatabaseManager.swift */; };
		8BE1C7E729923A22001F3688 /* User.swift in Sources */ = {isa = PBXBuildFile; fileRef = 8BE1C7E629923A22001F3688 /* User.swift */; };
		8BF2F625299A1DE40086B6F3 /* SearchUserViewController.swift in Sources */ = {isa = PBXBuildFile; fileRef = 8BF2F624299A1DE40086B6F3 /* SearchUserViewController.swift */; };
		8BF2F627299A1E190086B6F3 /* SearchUserViewController.xib in Resources */ = {isa = PBXBuildFile; fileRef = 8BF2F626299A1E190086B6F3 /* SearchUserViewController.xib */; };
		8BF2F62B299A207C0086B6F3 /* SearchUserTableViewCell.swift in Sources */ = {isa = PBXBuildFile; fileRef = 8BF2F629299A207C0086B6F3 /* SearchUserTableViewCell.swift */; };
/* End PBXBuildFile section */

/* Begin PBXFileReference section */
		2C5886350AEBDFCC2DE6D71D /* Pods-Chat App.debug.xcconfig */ = {isa = PBXFileReference; includeInIndex = 1; lastKnownFileType = text.xcconfig; name = "Pods-Chat App.debug.xcconfig"; path = "Target Support Files/Pods-Chat App/Pods-Chat App.debug.xcconfig"; sourceTree = "<group>"; };
		44C8A7FC299A8FD6007EB92C /* Constant.swift */ = {isa = PBXFileReference; lastKnownFileType = sourcecode.swift; path = Constant.swift; sourceTree = "<group>"; };
		51A8DD1DF968BFA1497B2662 /* Pods_Chat_App.framework */ = {isa = PBXFileReference; explicitFileType = wrapper.framework; includeInIndex = 0; path = Pods_Chat_App.framework; sourceTree = BUILT_PRODUCTS_DIR; };
		8B27407B299B7ABD002525B7 /* MyError.swift */ = {isa = PBXFileReference; lastKnownFileType = sourcecode.swift; path = MyError.swift; sourceTree = "<group>"; };
		8B27407D299B7F5D002525B7 /* Message.swift */ = {isa = PBXFileReference; lastKnownFileType = sourcecode.swift; path = Message.swift; sourceTree = "<group>"; };
		8B27407F299B8454002525B7 /* Contact.swift */ = {isa = PBXFileReference; lastKnownFileType = sourcecode.swift; path = Contact.swift; sourceTree = "<group>"; };
		8B274081299B8C2D002525B7 /* Conversation.swift */ = {isa = PBXFileReference; lastKnownFileType = sourcecode.swift; path = Conversation.swift; sourceTree = "<group>"; };
		8B2F95852989055800AA2272 /* LoginViewController.xib */ = {isa = PBXFileReference; fileEncoding = 4; lastKnownFileType = file.xib; path = LoginViewController.xib; sourceTree = "<group>"; };
		8B2F95872989138E00AA2272 /* RegisterViewController.swift */ = {isa = PBXFileReference; lastKnownFileType = sourcecode.swift; path = RegisterViewController.swift; sourceTree = "<group>"; };
		8B5C455E2988F0F800F213EA /* Chat App.app */ = {isa = PBXFileReference; explicitFileType = wrapper.application; includeInIndex = 0; path = "Chat App.app"; sourceTree = BUILT_PRODUCTS_DIR; };
		8B5C45612988F0F800F213EA /* AppDelegate.swift */ = {isa = PBXFileReference; lastKnownFileType = sourcecode.swift; path = AppDelegate.swift; sourceTree = "<group>"; };
		8B5C45632988F0F800F213EA /* SceneDelegate.swift */ = {isa = PBXFileReference; lastKnownFileType = sourcecode.swift; path = SceneDelegate.swift; sourceTree = "<group>"; };
		8B5C45652988F0F800F213EA /* ConversationsViewController.swift */ = {isa = PBXFileReference; lastKnownFileType = sourcecode.swift; path = ConversationsViewController.swift; sourceTree = "<group>"; };
		8B5C45682988F0F800F213EA /* Base */ = {isa = PBXFileReference; lastKnownFileType = file.storyboard; name = Base; path = Base.lproj/Main.storyboard; sourceTree = "<group>"; };
		8B5C456A2988F0F800F213EA /* Assets.xcassets */ = {isa = PBXFileReference; lastKnownFileType = folder.assetcatalog; path = Assets.xcassets; sourceTree = "<group>"; };
		8B5C456D2988F0F800F213EA /* Base */ = {isa = PBXFileReference; lastKnownFileType = file.storyboard; name = Base; path = Base.lproj/LaunchScreen.storyboard; sourceTree = "<group>"; };
		8B5C456F2988F0F800F213EA /* Info.plist */ = {isa = PBXFileReference; lastKnownFileType = text.plist.xml; path = Info.plist; sourceTree = "<group>"; };
		8B5C45842988F9A300F213EA /* PhotoViewerViewController.swift */ = {isa = PBXFileReference; lastKnownFileType = sourcecode.swift; path = PhotoViewerViewController.swift; sourceTree = "<group>"; };
		8B5C45862988F9B800F213EA /* VideoPlayerViewController.swift */ = {isa = PBXFileReference; lastKnownFileType = sourcecode.swift; path = VideoPlayerViewController.swift; sourceTree = "<group>"; };
		8B5C458A2988FA3300F213EA /* ProfileViewController.swift */ = {isa = PBXFileReference; lastKnownFileType = sourcecode.swift; path = ProfileViewController.swift; sourceTree = "<group>"; };
		8B66C665299F6B1600D1CEFE /* ConversationTableViewCell.swift */ = {isa = PBXFileReference; lastKnownFileType = sourcecode.swift; path = ConversationTableViewCell.swift; sourceTree = "<group>"; };
		8B66C666299F6B1600D1CEFE /* ConversationTableViewCell.xib */ = {isa = PBXFileReference; lastKnownFileType = file.xib; path = ConversationTableViewCell.xib; sourceTree = "<group>"; };
		8B7878C5298913AD003B43FB /* RegisterViewController.xib */ = {isa = PBXFileReference; fileEncoding = 4; lastKnownFileType = file.xib; path = RegisterViewController.xib; sourceTree = "<group>"; };
		8B7878C729891881003B43FB /* GoogleService-Info.plist */ = {isa = PBXFileReference; fileEncoding = 4; lastKnownFileType = text.plist.xml; path = "GoogleService-Info.plist"; sourceTree = "<group>"; };
		8B88256729890529007AA204 /* LoginViewController.swift */ = {isa = PBXFileReference; lastKnownFileType = sourcecode.swift; path = LoginViewController.swift; sourceTree = "<group>"; };
		8BA1B9FE299A15D200A8B3B9 /* StorageManager.swift */ = {isa = PBXFileReference; fileEncoding = 4; lastKnownFileType = sourcecode.swift; path = StorageManager.swift; sourceTree = "<group>"; };
		8BB28B75299A20AA008FACE8 /* SearchUserTableViewCell.xib */ = {isa = PBXFileReference; fileEncoding = 4; lastKnownFileType = file.xib; path = SearchUserTableViewCell.xib; sourceTree = "<group>"; };
		8BB28B78299B669F008FACE8 /* ChatViewController.swift */ = {isa = PBXFileReference; lastKnownFileType = sourcecode.swift; path = ChatViewController.swift; sourceTree = "<group>"; };
		8BB28B79299B669F008FACE8 /* ChatViewController.xib */ = {isa = PBXFileReference; lastKnownFileType = file.xib; path = ChatViewController.xib; sourceTree = "<group>"; };
		8BB28B7C299B6DCF008FACE8 /* MessageTableViewCell.swift */ = {isa = PBXFileReference; lastKnownFileType = sourcecode.swift; path = MessageTableViewCell.swift; sourceTree = "<group>"; };
		8BB28B7D299B6DCF008FACE8 /* MessageTableViewCell.xib */ = {isa = PBXFileReference; lastKnownFileType = file.xib; path = MessageTableViewCell.xib; sourceTree = "<group>"; };
		8BE1C7E12990E55A001F3688 /* DatabaseManager.swift */ = {isa = PBXFileReference; lastKnownFileType = sourcecode.swift; path = DatabaseManager.swift; sourceTree = "<group>"; };
		8BE1C7E629923A22001F3688 /* User.swift */ = {isa = PBXFileReference; lastKnownFileType = sourcecode.swift; path = User.swift; sourceTree = "<group>"; };
		8BF2F624299A1DE40086B6F3 /* SearchUserViewController.swift */ = {isa = PBXFileReference; fileEncoding = 4; lastKnownFileType = sourcecode.swift; path = SearchUserViewController.swift; sourceTree = "<group>"; };
		8BF2F626299A1E190086B6F3 /* SearchUserViewController.xib */ = {isa = PBXFileReference; fileEncoding = 4; lastKnownFileType = file.xib; path = SearchUserViewController.xib; sourceTree = "<group>"; };
		8BF2F629299A207C0086B6F3 /* SearchUserTableViewCell.swift */ = {isa = PBXFileReference; lastKnownFileType = sourcecode.swift; path = SearchUserTableViewCell.swift; sourceTree = "<group>"; };
		9FBB1BE1A3282944DA0E9CBA /* Pods-Chat App.release.xcconfig */ = {isa = PBXFileReference; includeInIndex = 1; lastKnownFileType = text.xcconfig; name = "Pods-Chat App.release.xcconfig"; path = "Target Support Files/Pods-Chat App/Pods-Chat App.release.xcconfig"; sourceTree = "<group>"; };
/* End PBXFileReference section */

/* Begin PBXFrameworksBuildPhase section */
		8B5C455B2988F0F800F213EA /* Frameworks */ = {
			isa = PBXFrameworksBuildPhase;
			buildActionMask = 2147483647;
			files = (
				6C3D10C421D2EBC5846A03A4 /* Pods_Chat_App.framework in Frameworks */,
			);
			runOnlyForDeploymentPostprocessing = 0;
		};
/* End PBXFrameworksBuildPhase section */

/* Begin PBXGroup section */
		00F3AEDB0A122F14A0BDD9D8 /* Pods */ = {
			isa = PBXGroup;
			children = (
				2C5886350AEBDFCC2DE6D71D /* Pods-Chat App.debug.xcconfig */,
				9FBB1BE1A3282944DA0E9CBA /* Pods-Chat App.release.xcconfig */,
			);
			path = Pods;
			sourceTree = "<group>";
		};
		8B5C45552988F0F800F213EA = {
			isa = PBXGroup;
			children = (
				8B5C45602988F0F800F213EA /* Chat App */,
				8B5C455F2988F0F800F213EA /* Products */,
				00F3AEDB0A122F14A0BDD9D8 /* Pods */,
				9321ACFC329F4C833113C24E /* Frameworks */,
			);
			sourceTree = "<group>";
		};
		8B5C455F2988F0F800F213EA /* Products */ = {
			isa = PBXGroup;
			children = (
				8B5C455E2988F0F800F213EA /* Chat App.app */,
			);
			name = Products;
			sourceTree = "<group>";
		};
		8B5C45602988F0F800F213EA /* Chat App */ = {
			isa = PBXGroup;
			children = (
				8B5C45782988F20900F213EA /* Resources */,
				8B5C45772988F13A00F213EA /* Controllers */,
				8B5C45762988F13300F213EA /* Views */,
				8B5C45752988F12600F213EA /* Models */,
				8B7878C729891881003B43FB /* GoogleService-Info.plist */,
				8B5C456A2988F0F800F213EA /* Assets.xcassets */,
				8B5C456F2988F0F800F213EA /* Info.plist */,
			);
			path = "Chat App";
			sourceTree = "<group>";
		};
		8B5C45752988F12600F213EA /* Models */ = {
			isa = PBXGroup;
			children = (
				8BE1C7E629923A22001F3688 /* User.swift */,
				44C8A7FC299A8FD6007EB92C /* Constant.swift */,
				8B27407B299B7ABD002525B7 /* MyError.swift */,
				8B27407D299B7F5D002525B7 /* Message.swift */,
				8B27407F299B8454002525B7 /* Contact.swift */,
				8B274081299B8C2D002525B7 /* Conversation.swift */,
			);
			path = Models;
			sourceTree = "<group>";
		};
		8B5C45762988F13300F213EA /* Views */ = {
			isa = PBXGroup;
			children = (
				8BB28B75299A20AA008FACE8 /* SearchUserTableViewCell.xib */,
				8BF2F626299A1E190086B6F3 /* SearchUserViewController.xib */,
				8B7878C5298913AD003B43FB /* RegisterViewController.xib */,
				8B2F95852989055800AA2272 /* LoginViewController.xib */,
				8B5C457F2988F8A600F213EA /* Storyboards */,
			);
			path = Views;
			sourceTree = "<group>";
		};
		8B5C45772988F13A00F213EA /* Controllers */ = {
			isa = PBXGroup;
			children = (
				8B66C664299F6AEA00D1CEFE /* HomeScreen */,
				8BB28B77299B667B008FACE8 /* ChatScreen */,
				8B5C45792988F6E000F213EA /* Auth */,
				8B5C45652988F0F800F213EA /* ConversationsViewController.swift */,
				8B5C45842988F9A300F213EA /* PhotoViewerViewController.swift */,
				8B5C45862988F9B800F213EA /* VideoPlayerViewController.swift */,
				8B5C458A2988FA3300F213EA /* ProfileViewController.swift */,
				8BF2F624299A1DE40086B6F3 /* SearchUserViewController.swift */,
				8BF2F629299A207C0086B6F3 /* SearchUserTableViewCell.swift */,
			);
			path = Controllers;
			sourceTree = "<group>";
		};
		8B5C45782988F20900F213EA /* Resources */ = {
			isa = PBXGroup;
			children = (
				8BA1B9FE299A15D200A8B3B9 /* StorageManager.swift */,
				8B5C45612988F0F800F213EA /* AppDelegate.swift */,
				8B5C45632988F0F800F213EA /* SceneDelegate.swift */,
				8BE1C7E12990E55A001F3688 /* DatabaseManager.swift */,
			);
			path = Resources;
			sourceTree = "<group>";
		};
		8B5C45792988F6E000F213EA /* Auth */ = {
			isa = PBXGroup;
			children = (
				8B88256729890529007AA204 /* LoginViewController.swift */,
				8B2F95872989138E00AA2272 /* RegisterViewController.swift */,
			);
			path = Auth;
			sourceTree = "<group>";
		};
		8B5C457F2988F8A600F213EA /* Storyboards */ = {
			isa = PBXGroup;
			children = (
				8B5C45672988F0F800F213EA /* Main.storyboard */,
				8B5C456C2988F0F800F213EA /* LaunchScreen.storyboard */,
			);
			path = Storyboards;
			sourceTree = "<group>";
		};
		8B66C664299F6AEA00D1CEFE /* HomeScreen */ = {
			isa = PBXGroup;
			children = (
				8B66C665299F6B1600D1CEFE /* ConversationTableViewCell.swift */,
				8B66C666299F6B1600D1CEFE /* ConversationTableViewCell.xib */,
			);
			path = HomeScreen;
			sourceTree = "<group>";
		};
		8BB28B77299B667B008FACE8 /* ChatScreen */ = {
			isa = PBXGroup;
			children = (
				8BB28B78299B669F008FACE8 /* ChatViewController.swift */,
				8BB28B79299B669F008FACE8 /* ChatViewController.xib */,
				8BB28B7C299B6DCF008FACE8 /* MessageTableViewCell.swift */,
				8BB28B7D299B6DCF008FACE8 /* MessageTableViewCell.xib */,
			);
			path = ChatScreen;
			sourceTree = "<group>";
		};
		9321ACFC329F4C833113C24E /* Frameworks */ = {
			isa = PBXGroup;
			children = (
				51A8DD1DF968BFA1497B2662 /* Pods_Chat_App.framework */,
			);
			name = Frameworks;
			sourceTree = "<group>";
		};
/* End PBXGroup section */

/* Begin PBXNativeTarget section */
		8B5C455D2988F0F800F213EA /* Chat App */ = {
			isa = PBXNativeTarget;
			buildConfigurationList = 8B5C45722988F0F800F213EA /* Build configuration list for PBXNativeTarget "Chat App" */;
			buildPhases = (
				EBA0A8BCFEADB28896C77289 /* [CP] Check Pods Manifest.lock */,
				8B5C455A2988F0F800F213EA /* Sources */,
				8B5C455B2988F0F800F213EA /* Frameworks */,
				8B5C455C2988F0F800F213EA /* Resources */,
				A3F74C6C4A58AE0C1B09FE90 /* [CP] Embed Pods Frameworks */,
			);
			buildRules = (
			);
			dependencies = (
			);
			name = "Chat App";
			productName = "Chat App";
			productReference = 8B5C455E2988F0F800F213EA /* Chat App.app */;
			productType = "com.apple.product-type.application";
		};
/* End PBXNativeTarget section */

/* Begin PBXProject section */
		8B5C45562988F0F800F213EA /* Project object */ = {
			isa = PBXProject;
			attributes = {
				BuildIndependentTargetsInParallel = 1;
				LastSwiftUpdateCheck = 1410;
				LastUpgradeCheck = 1410;
				TargetAttributes = {
					8B5C455D2988F0F800F213EA = {
						CreatedOnToolsVersion = 14.1;
					};
				};
			};
			buildConfigurationList = 8B5C45592988F0F800F213EA /* Build configuration list for PBXProject "Chat App" */;
			compatibilityVersion = "Xcode 14.0";
			developmentRegion = en;
			hasScannedForEncodings = 0;
			knownRegions = (
				en,
				Base,
			);
			mainGroup = 8B5C45552988F0F800F213EA;
			productRefGroup = 8B5C455F2988F0F800F213EA /* Products */;
			projectDirPath = "";
			projectRoot = "";
			targets = (
				8B5C455D2988F0F800F213EA /* Chat App */,
			);
		};
/* End PBXProject section */

/* Begin PBXResourcesBuildPhase section */
		8B5C455C2988F0F800F213EA /* Resources */ = {
			isa = PBXResourcesBuildPhase;
			buildActionMask = 2147483647;
			files = (
				8B2F95862989055800AA2272 /* LoginViewController.xib in Resources */,
				8BB28B76299A20AA008FACE8 /* SearchUserTableViewCell.xib in Resources */,
				8BB28B7B299B669F008FACE8 /* ChatViewController.xib in Resources */,
				8B7878C6298913AE003B43FB /* RegisterViewController.xib in Resources */,
				8B66C668299F6B1600D1CEFE /* ConversationTableViewCell.xib in Resources */,
				8B5C456E2988F0F800F213EA /* LaunchScreen.storyboard in Resources */,
				8B5C456B2988F0F800F213EA /* Assets.xcassets in Resources */,
				8BF2F627299A1E190086B6F3 /* SearchUserViewController.xib in Resources */,
				8BB28B7F299B6DCF008FACE8 /* MessageTableViewCell.xib in Resources */,
				8B5C45692988F0F800F213EA /* Main.storyboard in Resources */,
				8B7878C829891881003B43FB /* GoogleService-Info.plist in Resources */,
			);
			runOnlyForDeploymentPostprocessing = 0;
		};
/* End PBXResourcesBuildPhase section */

/* Begin PBXShellScriptBuildPhase section */
		A3F74C6C4A58AE0C1B09FE90 /* [CP] Embed Pods Frameworks */ = {
			isa = PBXShellScriptBuildPhase;
			buildActionMask = 2147483647;
			files = (
			);
			inputFileListPaths = (
				"${PODS_ROOT}/Target Support Files/Pods-Chat App/Pods-Chat App-frameworks-${CONFIGURATION}-input-files.xcfilelist",
			);
			name = "[CP] Embed Pods Frameworks";
			outputFileListPaths = (
				"${PODS_ROOT}/Target Support Files/Pods-Chat App/Pods-Chat App-frameworks-${CONFIGURATION}-output-files.xcfilelist",
			);
			runOnlyForDeploymentPostprocessing = 0;
			shellPath = /bin/sh;
			shellScript = "\"${PODS_ROOT}/Target Support Files/Pods-Chat App/Pods-Chat App-frameworks.sh\"\n";
			showEnvVarsInLog = 0;
		};
		EBA0A8BCFEADB28896C77289 /* [CP] Check Pods Manifest.lock */ = {
			isa = PBXShellScriptBuildPhase;
			buildActionMask = 2147483647;
			files = (
			);
			inputFileListPaths = (
			);
			inputPaths = (
				"${PODS_PODFILE_DIR_PATH}/Podfile.lock",
				"${PODS_ROOT}/Manifest.lock",
			);
			name = "[CP] Check Pods Manifest.lock";
			outputFileListPaths = (
			);
			outputPaths = (
				"$(DERIVED_FILE_DIR)/Pods-Chat App-checkManifestLockResult.txt",
			);
			runOnlyForDeploymentPostprocessing = 0;
			shellPath = /bin/sh;
			shellScript = "diff \"${PODS_PODFILE_DIR_PATH}/Podfile.lock\" \"${PODS_ROOT}/Manifest.lock\" > /dev/null\nif [ $? != 0 ] ; then\n    # print error to STDERR\n    echo \"error: The sandbox is not in sync with the Podfile.lock. Run 'pod install' or update your CocoaPods installation.\" >&2\n    exit 1\nfi\n# This output is used by Xcode 'outputs' to avoid re-running this script phase.\necho \"SUCCESS\" > \"${SCRIPT_OUTPUT_FILE_0}\"\n";
			showEnvVarsInLog = 0;
		};
/* End PBXShellScriptBuildPhase section */

/* Begin PBXSourcesBuildPhase section */
		8B5C455A2988F0F800F213EA /* Sources */ = {
			isa = PBXSourcesBuildPhase;
			buildActionMask = 2147483647;
			files = (
				8B2F95892989138E00AA2272 /* RegisterViewController.swift in Sources */,
				8B274080299B8454002525B7 /* Contact.swift in Sources */,
				8BE1C7E22990E55A001F3688 /* DatabaseManager.swift in Sources */,
				8BB28B7A299B669F008FACE8 /* ChatViewController.swift in Sources */,
				8B27407E299B7F5D002525B7 /* Message.swift in Sources */,
				44C8A7FD299A8FD6007EB92C /* Constant.swift in Sources */,
				8B5C45662988F0F800F213EA /* ConversationsViewController.swift in Sources */,
				8B5C45872988F9B800F213EA /* VideoPlayerViewController.swift in Sources */,
				8B274082299B8C2D002525B7 /* Conversation.swift in Sources */,
				8B5C45622988F0F800F213EA /* AppDelegate.swift in Sources */,
				8BF2F625299A1DE40086B6F3 /* SearchUserViewController.swift in Sources */,
				8B5C458B2988FA3300F213EA /* ProfileViewController.swift in Sources */,
				8B5C45642988F0F800F213EA /* SceneDelegate.swift in Sources */,
				8BF2F62B299A207C0086B6F3 /* SearchUserTableViewCell.swift in Sources */,
				8B27407C299B7ABD002525B7 /* MyError.swift in Sources */,
				8B88256929890529007AA204 /* LoginViewController.swift in Sources */,
				8B5C45852988F9A300F213EA /* PhotoViewerViewController.swift in Sources */,
				8B66C667299F6B1600D1CEFE /* ConversationTableViewCell.swift in Sources */,
				8BB28B7E299B6DCF008FACE8 /* MessageTableViewCell.swift in Sources */,
				8BE1C7E729923A22001F3688 /* User.swift in Sources */,
				8BA1B9FF299A15D300A8B3B9 /* StorageManager.swift in Sources */,
			);
			runOnlyForDeploymentPostprocessing = 0;
		};
/* End PBXSourcesBuildPhase section */

/* Begin PBXVariantGroup section */
		8B5C45672988F0F800F213EA /* Main.storyboard */ = {
			isa = PBXVariantGroup;
			children = (
				8B5C45682988F0F800F213EA /* Base */,
			);
			name = Main.storyboard;
			sourceTree = "<group>";
		};
		8B5C456C2988F0F800F213EA /* LaunchScreen.storyboard */ = {
			isa = PBXVariantGroup;
			children = (
				8B5C456D2988F0F800F213EA /* Base */,
			);
			name = LaunchScreen.storyboard;
			sourceTree = "<group>";
		};
/* End PBXVariantGroup section */

/* Begin XCBuildConfiguration section */
		8B5C45702988F0F800F213EA /* Debug */ = {
			isa = XCBuildConfiguration;
			buildSettings = {
				ALWAYS_SEARCH_USER_PATHS = NO;
				CLANG_ANALYZER_NONNULL = YES;
				CLANG_ANALYZER_NUMBER_OBJECT_CONVERSION = YES_AGGRESSIVE;
				CLANG_CXX_LANGUAGE_STANDARD = "gnu++20";
				CLANG_ENABLE_MODULES = YES;
				CLANG_ENABLE_OBJC_ARC = YES;
				CLANG_ENABLE_OBJC_WEAK = YES;
				CLANG_WARN_BLOCK_CAPTURE_AUTORELEASING = YES;
				CLANG_WARN_BOOL_CONVERSION = YES;
				CLANG_WARN_COMMA = YES;
				CLANG_WARN_CONSTANT_CONVERSION = YES;
				CLANG_WARN_DEPRECATED_OBJC_IMPLEMENTATIONS = YES;
				CLANG_WARN_DIRECT_OBJC_ISA_USAGE = YES_ERROR;
				CLANG_WARN_DOCUMENTATION_COMMENTS = YES;
				CLANG_WARN_EMPTY_BODY = YES;
				CLANG_WARN_ENUM_CONVERSION = YES;
				CLANG_WARN_INFINITE_RECURSION = YES;
				CLANG_WARN_INT_CONVERSION = YES;
				CLANG_WARN_NON_LITERAL_NULL_CONVERSION = YES;
				CLANG_WARN_OBJC_IMPLICIT_RETAIN_SELF = YES;
				CLANG_WARN_OBJC_LITERAL_CONVERSION = YES;
				CLANG_WARN_OBJC_ROOT_CLASS = YES_ERROR;
				CLANG_WARN_QUOTED_INCLUDE_IN_FRAMEWORK_HEADER = YES;
				CLANG_WARN_RANGE_LOOP_ANALYSIS = YES;
				CLANG_WARN_STRICT_PROTOTYPES = YES;
				CLANG_WARN_SUSPICIOUS_MOVE = YES;
				CLANG_WARN_UNGUARDED_AVAILABILITY = YES_AGGRESSIVE;
				CLANG_WARN_UNREACHABLE_CODE = YES;
				CLANG_WARN__DUPLICATE_METHOD_MATCH = YES;
				COPY_PHASE_STRIP = NO;
				DEBUG_INFORMATION_FORMAT = dwarf;
				ENABLE_STRICT_OBJC_MSGSEND = YES;
				ENABLE_TESTABILITY = YES;
				GCC_C_LANGUAGE_STANDARD = gnu11;
				GCC_DYNAMIC_NO_PIC = NO;
				GCC_NO_COMMON_BLOCKS = YES;
				GCC_OPTIMIZATION_LEVEL = 0;
				GCC_PREPROCESSOR_DEFINITIONS = (
					"DEBUG=1",
					"$(inherited)",
				);
				GCC_WARN_64_TO_32_BIT_CONVERSION = YES;
				GCC_WARN_ABOUT_RETURN_TYPE = YES_ERROR;
				GCC_WARN_UNDECLARED_SELECTOR = YES;
				GCC_WARN_UNINITIALIZED_AUTOS = YES_AGGRESSIVE;
				GCC_WARN_UNUSED_FUNCTION = YES;
				GCC_WARN_UNUSED_VARIABLE = YES;
				IPHONEOS_DEPLOYMENT_TARGET = 16.1;
				MTL_ENABLE_DEBUG_INFO = INCLUDE_SOURCE;
				MTL_FAST_MATH = YES;
				ONLY_ACTIVE_ARCH = YES;
				SDKROOT = iphoneos;
				SWIFT_ACTIVE_COMPILATION_CONDITIONS = DEBUG;
				SWIFT_OPTIMIZATION_LEVEL = "-Onone";
			};
			name = Debug;
		};
		8B5C45712988F0F800F213EA /* Release */ = {
			isa = XCBuildConfiguration;
			buildSettings = {
				ALWAYS_SEARCH_USER_PATHS = NO;
				CLANG_ANALYZER_NONNULL = YES;
				CLANG_ANALYZER_NUMBER_OBJECT_CONVERSION = YES_AGGRESSIVE;
				CLANG_CXX_LANGUAGE_STANDARD = "gnu++20";
				CLANG_ENABLE_MODULES = YES;
				CLANG_ENABLE_OBJC_ARC = YES;
				CLANG_ENABLE_OBJC_WEAK = YES;
				CLANG_WARN_BLOCK_CAPTURE_AUTORELEASING = YES;
				CLANG_WARN_BOOL_CONVERSION = YES;
				CLANG_WARN_COMMA = YES;
				CLANG_WARN_CONSTANT_CONVERSION = YES;
				CLANG_WARN_DEPRECATED_OBJC_IMPLEMENTATIONS = YES;
				CLANG_WARN_DIRECT_OBJC_ISA_USAGE = YES_ERROR;
				CLANG_WARN_DOCUMENTATION_COMMENTS = YES;
				CLANG_WARN_EMPTY_BODY = YES;
				CLANG_WARN_ENUM_CONVERSION = YES;
				CLANG_WARN_INFINITE_RECURSION = YES;
				CLANG_WARN_INT_CONVERSION = YES;
				CLANG_WARN_NON_LITERAL_NULL_CONVERSION = YES;
				CLANG_WARN_OBJC_IMPLICIT_RETAIN_SELF = YES;
				CLANG_WARN_OBJC_LITERAL_CONVERSION = YES;
				CLANG_WARN_OBJC_ROOT_CLASS = YES_ERROR;
				CLANG_WARN_QUOTED_INCLUDE_IN_FRAMEWORK_HEADER = YES;
				CLANG_WARN_RANGE_LOOP_ANALYSIS = YES;
				CLANG_WARN_STRICT_PROTOTYPES = YES;
				CLANG_WARN_SUSPICIOUS_MOVE = YES;
				CLANG_WARN_UNGUARDED_AVAILABILITY = YES_AGGRESSIVE;
				CLANG_WARN_UNREACHABLE_CODE = YES;
				CLANG_WARN__DUPLICATE_METHOD_MATCH = YES;
				COPY_PHASE_STRIP = NO;
				DEBUG_INFORMATION_FORMAT = "dwarf-with-dsym";
				ENABLE_NS_ASSERTIONS = NO;
				ENABLE_STRICT_OBJC_MSGSEND = YES;
				GCC_C_LANGUAGE_STANDARD = gnu11;
				GCC_NO_COMMON_BLOCKS = YES;
				GCC_WARN_64_TO_32_BIT_CONVERSION = YES;
				GCC_WARN_ABOUT_RETURN_TYPE = YES_ERROR;
				GCC_WARN_UNDECLARED_SELECTOR = YES;
				GCC_WARN_UNINITIALIZED_AUTOS = YES_AGGRESSIVE;
				GCC_WARN_UNUSED_FUNCTION = YES;
				GCC_WARN_UNUSED_VARIABLE = YES;
				IPHONEOS_DEPLOYMENT_TARGET = 16.1;
				MTL_ENABLE_DEBUG_INFO = NO;
				MTL_FAST_MATH = YES;
				SDKROOT = iphoneos;
				SWIFT_COMPILATION_MODE = wholemodule;
				SWIFT_OPTIMIZATION_LEVEL = "-O";
				VALIDATE_PRODUCT = YES;
			};
			name = Release;
		};
		8B5C45732988F0F800F213EA /* Debug */ = {
			isa = XCBuildConfiguration;
			baseConfigurationReference = 2C5886350AEBDFCC2DE6D71D /* Pods-Chat App.debug.xcconfig */;
			buildSettings = {
				ASSETCATALOG_COMPILER_APPICON_NAME = AppIcon;
				ASSETCATALOG_COMPILER_GLOBAL_ACCENT_COLOR_NAME = AccentColor;
				CODE_SIGN_STYLE = Automatic;
				CURRENT_PROJECT_VERSION = 1;
				DEVELOPMENT_TEAM = 6BA588Z4PT;
				GENERATE_INFOPLIST_FILE = YES;
				INFOPLIST_FILE = "Chat App/Info.plist";
				INFOPLIST_KEY_UIApplicationSupportsIndirectInputEvents = YES;
				INFOPLIST_KEY_UILaunchStoryboardName = LaunchScreen;
				INFOPLIST_KEY_UIMainStoryboardFile = Main;
				INFOPLIST_KEY_UISupportedInterfaceOrientations = UIInterfaceOrientationPortrait;
				IPHONEOS_DEPLOYMENT_TARGET = 15.0;
				LD_RUNPATH_SEARCH_PATHS = (
					"$(inherited)",
					"@executable_path/Frameworks",
				);
				MARKETING_VERSION = 1.0;
				PRODUCT_BUNDLE_IDENTIFIER = "com.learn.Chat-App";
				PRODUCT_NAME = "$(TARGET_NAME)";
				SWIFT_EMIT_LOC_STRINGS = YES;
				SWIFT_VERSION = 5.0;
				TARGETED_DEVICE_FAMILY = "1,2";
			};
			name = Debug;
		};
		8B5C45742988F0F800F213EA /* Release */ = {
			isa = XCBuildConfiguration;
			baseConfigurationReference = 9FBB1BE1A3282944DA0E9CBA /* Pods-Chat App.release.xcconfig */;
			buildSettings = {
				ASSETCATALOG_COMPILER_APPICON_NAME = AppIcon;
				ASSETCATALOG_COMPILER_GLOBAL_ACCENT_COLOR_NAME = AccentColor;
				CODE_SIGN_STYLE = Automatic;
				CURRENT_PROJECT_VERSION = 1;
				DEVELOPMENT_TEAM = 6BA588Z4PT;
				GENERATE_INFOPLIST_FILE = YES;
				INFOPLIST_FILE = "Chat App/Info.plist";
				INFOPLIST_KEY_UIApplicationSupportsIndirectInputEvents = YES;
				INFOPLIST_KEY_UILaunchStoryboardName = LaunchScreen;
				INFOPLIST_KEY_UIMainStoryboardFile = Main;
				INFOPLIST_KEY_UISupportedInterfaceOrientations = UIInterfaceOrientationPortrait;
				IPHONEOS_DEPLOYMENT_TARGET = 15.0;
				LD_RUNPATH_SEARCH_PATHS = (
					"$(inherited)",
					"@executable_path/Frameworks",
				);
				MARKETING_VERSION = 1.0;
				PRODUCT_BUNDLE_IDENTIFIER = "com.learn.Chat-App";
				PRODUCT_NAME = "$(TARGET_NAME)";
				SWIFT_EMIT_LOC_STRINGS = YES;
				SWIFT_VERSION = 5.0;
				TARGETED_DEVICE_FAMILY = "1,2";
			};
			name = Release;
		};
/* End XCBuildConfiguration section */

/* Begin XCConfigurationList section */
		8B5C45592988F0F800F213EA /* Build configuration list for PBXProject "Chat App" */ = {
			isa = XCConfigurationList;
			buildConfigurations = (
				8B5C45702988F0F800F213EA /* Debug */,
				8B5C45712988F0F800F213EA /* Release */,
			);
			defaultConfigurationIsVisible = 0;
			defaultConfigurationName = Release;
		};
		8B5C45722988F0F800F213EA /* Build configuration list for PBXNativeTarget "Chat App" */ = {
			isa = XCConfigurationList;
			buildConfigurations = (
				8B5C45732988F0F800F213EA /* Debug */,
				8B5C45742988F0F800F213EA /* Release */,
			);
			defaultConfigurationIsVisible = 0;
			defaultConfigurationName = Release;
		};
/* End XCConfigurationList section */
	};
	rootObject = 8B5C45562988F0F800F213EA /* Project object */;
}
